
Microsoft Visual Studio Solution File, Format Version 12.00
# Visual Studio 15
VisualStudioVersion = 15.0.27703.2035
MinimumVisualStudioVersion = 10.0.40219.1
Project("{FAE04EC0-301F-11D3-BF4B-00C04F79EFBC}") = "Discount_DevTestAsh", "Discount_DevTestAsh\Discount_DevTestAsh.csproj", "{150435A3-23A8-455B-9567-382E7C576B27}"
EndProject
Global
	GlobalSection(SolutionConfigurationPlatforms) = preSolution
		Debug|Any CPU = Debug|Any CPU
		Release|Any CPU = Release|Any CPU
	EndGlobalSection
	GlobalSection(ProjectConfigurationPlatforms) = postSolution
		{150435A3-23A8-455B-9567-382E7C576B27}.Debug|Any CPU.ActiveCfg = Debug|Any CPU
		{150435A3-23A8-455B-9567-382E7C576B27}.Debug|Any CPU.Build.0 = Debug|Any CPU
		{150435A3-23A8-455B-9567-382E7C576B27}.Release|Any CPU.ActiveCfg = Release|Any CPU
		{150435A3-23A8-455B-9567-382E7C576B27}.Release|Any CPU.Build.0 = Release|Any CPU
	EndGlobalSection
	GlobalSection(SolutionProperties) = preSolution
		HideSolutionNode = FALSE
	EndGlobalSection
	GlobalSection(ExtensibilityGlobals) = postSolution
		SolutionGuid = {AB9E93F9-01C2-484B-B355-71C8CE142179}
	EndGlobalSection
EndGlobal
